{
  "nodes": {
    "fonts": {
      "flake": false,
      "locked": {
        "lastModified": 1,
        "narHash": "sha256-QGeoAXuQB6bHewcs9N9/Mop9/CDOilJ5JXPD7ll5ItU=",
        "path": "./template/template/res/fonts",
        "type": "path"
      },
      "original": {
        "path": "./template/template/res/fonts",
        "type": "path"
      }
    },
    "nixpkgs": {
      "locked": {
        "lastModified": 1740367490,
        "narHash": "sha256-WGaHVAjcrv+Cun7zPlI41SerRtfknGQap281+AakSAw=",
        "owner": "NixOS",
        "repo": "nixpkgs",
        "rev": "0196c0175e9191c474c26ab5548db27ef5d34b05",
        "type": "github"
      },
      "original": {
        "owner": "NixOS",
        "ref": "nixos-unstable",
        "repo": "nixpkgs",
        "type": "github"
      }
    },
    "root": {
      "inputs": {
        "fonts": "fonts",
        "nixpkgs": "nixpkgs"
      }
    }
  },
  "root": "root",
  "version": 7
}
